
Microsoft Visual Studio Solution File, Format Version 12.00
# Visual Studio Version 17
VisualStudioVersion = 17.4.33103.184
MinimumVisualStudioVersion = 10.0.40219.1
Project("{FAE04EC0-301F-11D3-BF4B-00C04F79EFBC}") = "DatabaseFirst_Initial", "DatabaseFirst_Initial\DatabaseFirst_Initial.csproj", "{111FEA96-1B58-42A8-9E69-B16578E64981}"
EndProject
Project("{FAE04EC0-301F-11D3-BF4B-00C04F79EFBC}") = "DatabaseFirst", "DatabaseFirst\DatabaseFirst.csproj", "{BCEBDD54-9FC0-4C2A-97A6-3BF175BB49A1}"
EndProject
Project("{FAE04EC0-301F-11D3-BF4B-00C04F79EFBC}") = "EFProject1", "EFProject1\EFProject1.csproj", "{427221A0-926E-4D9B-8234-D3904CE95AE5}"
EndProject
Project("{FAE04EC0-301F-11D3-BF4B-00C04F79EFBC}") = "EFProjectCodeFirst1", "EFProjectCodeFirst1\EFProjectCodeFirst1.csproj", "{B7833EEE-E7E3-49D8-8F93-58FC877ECFC9}"
EndProject
Global
	GlobalSection(SolutionConfigurationPlatforms) = preSolution
		Debug|Any CPU = Debug|Any CPU
		Release|Any CPU = Release|Any CPU
	EndGlobalSection
	GlobalSection(ProjectConfigurationPlatforms) = postSolution
		{111FEA96-1B58-42A8-9E69-B16578E64981}.Debug|Any CPU.ActiveCfg = Debug|Any CPU
		{111FEA96-1B58-42A8-9E69-B16578E64981}.Debug|Any CPU.Build.0 = Debug|Any CPU
		{111FEA96-1B58-42A8-9E69-B16578E64981}.Release|Any CPU.ActiveCfg = Release|Any CPU
		{111FEA96-1B58-42A8-9E69-B16578E64981}.Release|Any CPU.Build.0 = Release|Any CPU
		{BCEBDD54-9FC0-4C2A-97A6-3BF175BB49A1}.Debug|Any CPU.ActiveCfg = Debug|Any CPU
		{BCEBDD54-9FC0-4C2A-97A6-3BF175BB49A1}.Debug|Any CPU.Build.0 = Debug|Any CPU
		{BCEBDD54-9FC0-4C2A-97A6-3BF175BB49A1}.Release|Any CPU.ActiveCfg = Release|Any CPU
		{BCEBDD54-9FC0-4C2A-97A6-3BF175BB49A1}.Release|Any CPU.Build.0 = Release|Any CPU
		{427221A0-926E-4D9B-8234-D3904CE95AE5}.Debug|Any CPU.ActiveCfg = Debug|Any CPU
		{427221A0-926E-4D9B-8234-D3904CE95AE5}.Debug|Any CPU.Build.0 = Debug|Any CPU
		{427221A0-926E-4D9B-8234-D3904CE95AE5}.Release|Any CPU.ActiveCfg = Release|Any CPU
		{427221A0-926E-4D9B-8234-D3904CE95AE5}.Release|Any CPU.Build.0 = Release|Any CPU
		{B7833EEE-E7E3-49D8-8F93-58FC877ECFC9}.Debug|Any CPU.ActiveCfg = Debug|Any CPU
		{B7833EEE-E7E3-49D8-8F93-58FC877ECFC9}.Debug|Any CPU.Build.0 = Debug|Any CPU
		{B7833EEE-E7E3-49D8-8F93-58FC877ECFC9}.Release|Any CPU.ActiveCfg = Release|Any CPU
		{B7833EEE-E7E3-49D8-8F93-58FC877ECFC9}.Release|Any CPU.Build.0 = Release|Any CPU
	EndGlobalSection
	GlobalSection(SolutionProperties) = preSolution
		HideSolutionNode = FALSE
	EndGlobalSection
	GlobalSection(ExtensibilityGlobals) = postSolution
		SolutionGuid = {D9148C5B-2C25-498E-98EA-940C68ED5BF8}
	EndGlobalSection
EndGlobal
